// !$*UTF8*$!
{
	archiveVersion = 1;
	classes = {
	};
	objectVersion = 50;
	objects = {

/* Begin PBXBuildFile section */
		901C9FE924B074C5009A20D7 /* GFTitleLabel.swift in Sources */ = {isa = PBXBuildFile; fileRef = 901C9FE824B074C5009A20D7 /* GFTitleLabel.swift */; };
		901C9FEB24B07639009A20D7 /* GFBodyLabel.swift in Sources */ = {isa = PBXBuildFile; fileRef = 901C9FEA24B07639009A20D7 /* GFBodyLabel.swift */; };
		901C9FED24B07754009A20D7 /* GFAlertVC.swift in Sources */ = {isa = PBXBuildFile; fileRef = 901C9FEC24B07754009A20D7 /* GFAlertVC.swift */; };
		901C9FF124B07C3E009A20D7 /* GFContainerView.swift in Sources */ = {isa = PBXBuildFile; fileRef = 901C9FF024B07C3E009A20D7 /* GFContainerView.swift */; };
		901C9FF324B386A8009A20D7 /* UIViewControllerEXT.swift in Sources */ = {isa = PBXBuildFile; fileRef = 901C9FF224B386A8009A20D7 /* UIViewControllerEXT.swift */; };
		901C9FFA24B39100009A20D7 /* Follower.swift in Sources */ = {isa = PBXBuildFile; fileRef = 901C9FF924B39100009A20D7 /* Follower.swift */; };
		901C9FFC24B391E8009A20D7 /* User.swift in Sources */ = {isa = PBXBuildFile; fileRef = 901C9FFB24B391E8009A20D7 /* User.swift */; };
		902642E424AB9266008CDDE4 /* AppDelegate.swift in Sources */ = {isa = PBXBuildFile; fileRef = 902642E324AB9266008CDDE4 /* AppDelegate.swift */; };
		902642E624AB9266008CDDE4 /* SceneDelegate.swift in Sources */ = {isa = PBXBuildFile; fileRef = 902642E524AB9266008CDDE4 /* SceneDelegate.swift */; };
		902642ED24AB926C008CDDE4 /* Assets.xcassets in Resources */ = {isa = PBXBuildFile; fileRef = 902642EC24AB926C008CDDE4 /* Assets.xcassets */; };
		902642F024AB926C008CDDE4 /* LaunchScreen.storyboard in Resources */ = {isa = PBXBuildFile; fileRef = 902642EE24AB926C008CDDE4 /* LaunchScreen.storyboard */; };
		902642F824AB9E27008CDDE4 /* SearchVC.swift in Sources */ = {isa = PBXBuildFile; fileRef = 902642F724AB9E27008CDDE4 /* SearchVC.swift */; };
		902642FA24AB9F43008CDDE4 /* FavouritesListVC.swift in Sources */ = {isa = PBXBuildFile; fileRef = 902642F924AB9F43008CDDE4 /* FavouritesListVC.swift */; };
		902642FC24ABA4D2008CDDE4 /* TabBar.swift in Sources */ = {isa = PBXBuildFile; fileRef = 902642FB24ABA4D2008CDDE4 /* TabBar.swift */; };
		9068800B24B4E32F00CC44FF /* NetworkManager.swift in Sources */ = {isa = PBXBuildFile; fileRef = 9068800A24B4E32F00CC44FF /* NetworkManager.swift */; };
		9068800E24B4F1A900CC44FF /* ErrorMessage.swift in Sources */ = {isa = PBXBuildFile; fileRef = 9068800D24B4F1A900CC44FF /* ErrorMessage.swift */; };
		9068801124B620EF00CC44FF /* FollowerCell.swift in Sources */ = {isa = PBXBuildFile; fileRef = 9068801024B620EF00CC44FF /* FollowerCell.swift */; };
		9068801324B6217600CC44FF /* GFAvatarImageView.swift in Sources */ = {isa = PBXBuildFile; fileRef = 9068801224B6217600CC44FF /* GFAvatarImageView.swift */; };
		9093432024ACE74000FE9A55 /* GFButton.swift in Sources */ = {isa = PBXBuildFile; fileRef = 9093431F24ACE73F00FE9A55 /* GFButton.swift */; };
		9093432224ACEAFD00FE9A55 /* GFTextField.swift in Sources */ = {isa = PBXBuildFile; fileRef = 9093432124ACEAFD00FE9A55 /* GFTextField.swift */; };
		9093432424ACF80800FE9A55 /* FollowerListVC.swift in Sources */ = {isa = PBXBuildFile; fileRef = 9093432324ACF80800FE9A55 /* FollowerListVC.swift */; };
		90E91A8C24BB6F5200ED21F7 /* UIHelper.swift in Sources */ = {isa = PBXBuildFile; fileRef = 90E91A8B24BB6F5200ED21F7 /* UIHelper.swift */; };
/* End PBXBuildFile section */

/* Begin PBXFileReference section */
		901C9FE824B074C5009A20D7 /* GFTitleLabel.swift */ = {isa = PBXFileReference; lastKnownFileType = sourcecode.swift; path = GFTitleLabel.swift; sourceTree = "<group>"; };
		901C9FEA24B07639009A20D7 /* GFBodyLabel.swift */ = {isa = PBXFileReference; lastKnownFileType = sourcecode.swift; path = GFBodyLabel.swift; sourceTree = "<group>"; };
		901C9FEC24B07754009A20D7 /* GFAlertVC.swift */ = {isa = PBXFileReference; lastKnownFileType = sourcecode.swift; path = GFAlertVC.swift; sourceTree = "<group>"; };
		901C9FF024B07C3E009A20D7 /* GFContainerView.swift */ = {isa = PBXFileReference; lastKnownFileType = sourcecode.swift; path = GFContainerView.swift; sourceTree = "<group>"; };
		901C9FF224B386A8009A20D7 /* UIViewControllerEXT.swift */ = {isa = PBXFileReference; lastKnownFileType = sourcecode.swift; path = UIViewControllerEXT.swift; sourceTree = "<group>"; };
		901C9FF924B39100009A20D7 /* Follower.swift */ = {isa = PBXFileReference; lastKnownFileType = sourcecode.swift; path = Follower.swift; sourceTree = "<group>"; };
		901C9FFB24B391E8009A20D7 /* User.swift */ = {isa = PBXFileReference; lastKnownFileType = sourcecode.swift; path = User.swift; sourceTree = "<group>"; };
		902642E024AB9266008CDDE4 /* GitHubFollowers.app */ = {isa = PBXFileReference; explicitFileType = wrapper.application; includeInIndex = 0; path = GitHubFollowers.app; sourceTree = BUILT_PRODUCTS_DIR; };
		902642E324AB9266008CDDE4 /* AppDelegate.swift */ = {isa = PBXFileReference; lastKnownFileType = sourcecode.swift; path = AppDelegate.swift; sourceTree = "<group>"; };
		902642E524AB9266008CDDE4 /* SceneDelegate.swift */ = {isa = PBXFileReference; lastKnownFileType = sourcecode.swift; path = SceneDelegate.swift; sourceTree = "<group>"; };
		902642EC24AB926C008CDDE4 /* Assets.xcassets */ = {isa = PBXFileReference; lastKnownFileType = folder.assetcatalog; path = Assets.xcassets; sourceTree = "<group>"; };
		902642EF24AB926C008CDDE4 /* Base */ = {isa = PBXFileReference; lastKnownFileType = file.storyboard; name = Base; path = Base.lproj/LaunchScreen.storyboard; sourceTree = "<group>"; };
		902642F124AB926C008CDDE4 /* Info.plist */ = {isa = PBXFileReference; lastKnownFileType = text.plist.xml; path = Info.plist; sourceTree = "<group>"; };
		902642F724AB9E27008CDDE4 /* SearchVC.swift */ = {isa = PBXFileReference; lastKnownFileType = sourcecode.swift; path = SearchVC.swift; sourceTree = "<group>"; };
		902642F924AB9F43008CDDE4 /* FavouritesListVC.swift */ = {isa = PBXFileReference; lastKnownFileType = sourcecode.swift; path = FavouritesListVC.swift; sourceTree = "<group>"; };
		902642FB24ABA4D2008CDDE4 /* TabBar.swift */ = {isa = PBXFileReference; lastKnownFileType = sourcecode.swift; path = TabBar.swift; sourceTree = "<group>"; };
		9068800A24B4E32F00CC44FF /* NetworkManager.swift */ = {isa = PBXFileReference; lastKnownFileType = sourcecode.swift; path = NetworkManager.swift; sourceTree = "<group>"; };
		9068800D24B4F1A900CC44FF /* ErrorMessage.swift */ = {isa = PBXFileReference; lastKnownFileType = sourcecode.swift; path = ErrorMessage.swift; sourceTree = "<group>"; };
		9068801024B620EF00CC44FF /* FollowerCell.swift */ = {isa = PBXFileReference; lastKnownFileType = sourcecode.swift; path = FollowerCell.swift; sourceTree = "<group>"; };
		9068801224B6217600CC44FF /* GFAvatarImageView.swift */ = {isa = PBXFileReference; lastKnownFileType = sourcecode.swift; path = GFAvatarImageView.swift; sourceTree = "<group>"; };
		9093431F24ACE73F00FE9A55 /* GFButton.swift */ = {isa = PBXFileReference; lastKnownFileType = sourcecode.swift; path = GFButton.swift; sourceTree = "<group>"; };
		9093432124ACEAFD00FE9A55 /* GFTextField.swift */ = {isa = PBXFileReference; lastKnownFileType = sourcecode.swift; path = GFTextField.swift; sourceTree = "<group>"; };
		9093432324ACF80800FE9A55 /* FollowerListVC.swift */ = {isa = PBXFileReference; lastKnownFileType = sourcecode.swift; path = FollowerListVC.swift; sourceTree = "<group>"; };
		90E91A8B24BB6F5200ED21F7 /* UIHelper.swift */ = {isa = PBXFileReference; lastKnownFileType = sourcecode.swift; path = UIHelper.swift; sourceTree = "<group>"; };
/* End PBXFileReference section */

/* Begin PBXFrameworksBuildPhase section */
		902642DD24AB9266008CDDE4 /* Frameworks */ = {
			isa = PBXFrameworksBuildPhase;
			buildActionMask = 2147483647;
			files = (
			);
			runOnlyForDeploymentPostprocessing = 0;
		};
/* End PBXFrameworksBuildPhase section */

/* Begin PBXGroup section */
		901C9FF424B38ACC009A20D7 /* Screens */ = {
			isa = PBXGroup;
			children = (
				902642F724AB9E27008CDDE4 /* SearchVC.swift */,
				902642F924AB9F43008CDDE4 /* FavouritesListVC.swift */,
				9093432324ACF80800FE9A55 /* FollowerListVC.swift */,
				902642FB24ABA4D2008CDDE4 /* TabBar.swift */,
			);
			path = Screens;
			sourceTree = "<group>";
		};
		901C9FF524B38B0B009A20D7 /* Custom Views */ = {
			isa = PBXGroup;
			children = (
				9068800F24B620B500CC44FF /* Cells */,
				9093431F24ACE73F00FE9A55 /* GFButton.swift */,
				9093432124ACEAFD00FE9A55 /* GFTextField.swift */,
				901C9FE824B074C5009A20D7 /* GFTitleLabel.swift */,
				901C9FEA24B07639009A20D7 /* GFBodyLabel.swift */,
				901C9FF024B07C3E009A20D7 /* GFContainerView.swift */,
				901C9FEC24B07754009A20D7 /* GFAlertVC.swift */,
				9068801224B6217600CC44FF /* GFAvatarImageView.swift */,
			);
			path = "Custom Views";
			sourceTree = "<group>";
		};
		901C9FF624B38B52009A20D7 /* Extensions */ = {
			isa = PBXGroup;
			children = (
				901C9FF224B386A8009A20D7 /* UIViewControllerEXT.swift */,
			);
			path = Extensions;
			sourceTree = "<group>";
		};
		901C9FF724B38BB2009A20D7 /* Support */ = {
			isa = PBXGroup;
			children = (
				902642E324AB9266008CDDE4 /* AppDelegate.swift */,
				902642E524AB9266008CDDE4 /* SceneDelegate.swift */,
				902642EC24AB926C008CDDE4 /* Assets.xcassets */,
				902642EE24AB926C008CDDE4 /* LaunchScreen.storyboard */,
			);
			path = Support;
			sourceTree = "<group>";
		};
		901C9FF824B390E4009A20D7 /* Model */ = {
			isa = PBXGroup;
			children = (
				901C9FF924B39100009A20D7 /* Follower.swift */,
				901C9FFB24B391E8009A20D7 /* User.swift */,
			);
			path = Model;
			sourceTree = "<group>";
		};
		902642D724AB9266008CDDE4 = {
			isa = PBXGroup;
			children = (
				902642E224AB9266008CDDE4 /* GitHubFollowers */,
				902642F124AB926C008CDDE4 /* Info.plist */,
				902642E124AB9266008CDDE4 /* Products */,
			);
			sourceTree = "<group>";
		};
		902642E124AB9266008CDDE4 /* Products */ = {
			isa = PBXGroup;
			children = (
				902642E024AB9266008CDDE4 /* GitHubFollowers.app */,
			);
			name = Products;
			sourceTree = "<group>";
		};
		902642E224AB9266008CDDE4 /* GitHubFollowers */ = {
			isa = PBXGroup;
			children = (
				9068800C24B4F18600CC44FF /* Utilities */,
				9068800924B4E31000CC44FF /* Managers */,
				901C9FF824B390E4009A20D7 /* Model */,
				901C9FF624B38B52009A20D7 /* Extensions */,
				901C9FF524B38B0B009A20D7 /* Custom Views */,
				901C9FF424B38ACC009A20D7 /* Screens */,
				901C9FF724B38BB2009A20D7 /* Support */,
			);
			path = GitHubFollowers;
			sourceTree = "<group>";
		};
		9068800924B4E31000CC44FF /* Managers */ = {
			isa = PBXGroup;
			children = (
				9068800A24B4E32F00CC44FF /* NetworkManager.swift */,
			);
			path = Managers;
			sourceTree = "<group>";
		};
		9068800C24B4F18600CC44FF /* Utilities */ = {
			isa = PBXGroup;
			children = (
				9068800D24B4F1A900CC44FF /* ErrorMessage.swift */,
				90E91A8B24BB6F5200ED21F7 /* UIHelper.swift */,
			);
			path = Utilities;
			sourceTree = "<group>";
		};
		9068800F24B620B500CC44FF /* Cells */ = {
			isa = PBXGroup;
			children = (
				9068801024B620EF00CC44FF /* FollowerCell.swift */,
			);
			path = Cells;
			sourceTree = "<group>";
		};
/* End PBXGroup section */

/* Begin PBXNativeTarget section */
		902642DF24AB9266008CDDE4 /* GitHubFollowers */ = {
			isa = PBXNativeTarget;
			buildConfigurationList = 902642F424AB926C008CDDE4 /* Build configuration list for PBXNativeTarget "GitHubFollowers" */;
			buildPhases = (
				902642DC24AB9266008CDDE4 /* Sources */,
				902642DD24AB9266008CDDE4 /* Frameworks */,
				902642DE24AB9266008CDDE4 /* Resources */,
			);
			buildRules = (
			);
			dependencies = (
			);
			name = GitHubFollowers;
			productName = GitHubFollowers;
			productReference = 902642E024AB9266008CDDE4 /* GitHubFollowers.app */;
			productType = "com.apple.product-type.application";
		};
/* End PBXNativeTarget section */

/* Begin PBXProject section */
		902642D824AB9266008CDDE4 /* Project object */ = {
			isa = PBXProject;
			attributes = {
				LastSwiftUpdateCheck = 1140;
				LastUpgradeCheck = 1140;
				ORGANIZATIONNAME = "Juho Alin";
				TargetAttributes = {
					902642DF24AB9266008CDDE4 = {
						CreatedOnToolsVersion = 11.4;
					};
				};
			};
			buildConfigurationList = 902642DB24AB9266008CDDE4 /* Build configuration list for PBXProject "GitHubFollowers" */;
			compatibilityVersion = "Xcode 9.3";
			developmentRegion = en;
			hasScannedForEncodings = 0;
			knownRegions = (
				en,
				Base,
			);
			mainGroup = 902642D724AB9266008CDDE4;
			productRefGroup = 902642E124AB9266008CDDE4 /* Products */;
			projectDirPath = "";
			projectRoot = "";
			targets = (
				902642DF24AB9266008CDDE4 /* GitHubFollowers */,
			);
		};
/* End PBXProject section */

/* Begin PBXResourcesBuildPhase section */
		902642DE24AB9266008CDDE4 /* Resources */ = {
			isa = PBXResourcesBuildPhase;
			buildActionMask = 2147483647;
			files = (
				902642F024AB926C008CDDE4 /* LaunchScreen.storyboard in Resources */,
				902642ED24AB926C008CDDE4 /* Assets.xcassets in Resources */,
			);
			runOnlyForDeploymentPostprocessing = 0;
		};
/* End PBXResourcesBuildPhase section */

/* Begin PBXSourcesBuildPhase section */
		902642DC24AB9266008CDDE4 /* Sources */ = {
			isa = PBXSourcesBuildPhase;
			buildActionMask = 2147483647;
			files = (
				902642F824AB9E27008CDDE4 /* SearchVC.swift in Sources */,
				9068800E24B4F1A900CC44FF /* ErrorMessage.swift in Sources */,
				9068801324B6217600CC44FF /* GFAvatarImageView.swift in Sources */,
				90E91A8C24BB6F5200ED21F7 /* UIHelper.swift in Sources */,
				901C9FFA24B39100009A20D7 /* Follower.swift in Sources */,
				902642E424AB9266008CDDE4 /* AppDelegate.swift in Sources */,
				9093432024ACE74000FE9A55 /* GFButton.swift in Sources */,
				9068800B24B4E32F00CC44FF /* NetworkManager.swift in Sources */,
				902642FC24ABA4D2008CDDE4 /* TabBar.swift in Sources */,
				902642FA24AB9F43008CDDE4 /* FavouritesListVC.swift in Sources */,
				901C9FED24B07754009A20D7 /* GFAlertVC.swift in Sources */,
				902642E624AB9266008CDDE4 /* SceneDelegate.swift in Sources */,
				901C9FFC24B391E8009A20D7 /* User.swift in Sources */,
				9068801124B620EF00CC44FF /* FollowerCell.swift in Sources */,
				901C9FF324B386A8009A20D7 /* UIViewControllerEXT.swift in Sources */,
				901C9FE924B074C5009A20D7 /* GFTitleLabel.swift in Sources */,
				9093432424ACF80800FE9A55 /* FollowerListVC.swift in Sources */,
				9093432224ACEAFD00FE9A55 /* GFTextField.swift in Sources */,
				901C9FEB24B07639009A20D7 /* GFBodyLabel.swift in Sources */,
				901C9FF124B07C3E009A20D7 /* GFContainerView.swift in Sources */,
			);
			runOnlyForDeploymentPostprocessing = 0;
		};
/* End PBXSourcesBuildPhase section */

/* Begin PBXVariantGroup section */
		902642EE24AB926C008CDDE4 /* LaunchScreen.storyboard */ = {
			isa = PBXVariantGroup;
			children = (
				902642EF24AB926C008CDDE4 /* Base */,
			);
			name = LaunchScreen.storyboard;
			sourceTree = "<group>";
		};
/* End PBXVariantGroup section */

/* Begin XCBuildConfiguration section */
		902642F224AB926C008CDDE4 /* Debug */ = {
			isa = XCBuildConfiguration;
			buildSettings = {
				ALWAYS_SEARCH_USER_PATHS = NO;
				CLANG_ANALYZER_NONNULL = YES;
				CLANG_ANALYZER_NUMBER_OBJECT_CONVERSION = YES_AGGRESSIVE;
				CLANG_CXX_LANGUAGE_STANDARD = "gnu++14";
				CLANG_CXX_LIBRARY = "libc++";
				CLANG_ENABLE_MODULES = YES;
				CLANG_ENABLE_OBJC_ARC = YES;
				CLANG_ENABLE_OBJC_WEAK = YES;
				CLANG_WARN_BLOCK_CAPTURE_AUTORELEASING = YES;
				CLANG_WARN_BOOL_CONVERSION = YES;
				CLANG_WARN_COMMA = YES;
				CLANG_WARN_CONSTANT_CONVERSION = YES;
				CLANG_WARN_DEPRECATED_OBJC_IMPLEMENTATIONS = YES;
				CLANG_WARN_DIRECT_OBJC_ISA_USAGE = YES_ERROR;
				CLANG_WARN_DOCUMENTATION_COMMENTS = YES;
				CLANG_WARN_EMPTY_BODY = YES;
				CLANG_WARN_ENUM_CONVERSION = YES;
				CLANG_WARN_INFINITE_RECURSION = YES;
				CLANG_WARN_INT_CONVERSION = YES;
				CLANG_WARN_NON_LITERAL_NULL_CONVERSION = YES;
				CLANG_WARN_OBJC_IMPLICIT_RETAIN_SELF = YES;
				CLANG_WARN_OBJC_LITERAL_CONVERSION = YES;
				CLANG_WARN_OBJC_ROOT_CLASS = YES_ERROR;
				CLANG_WARN_RANGE_LOOP_ANALYSIS = YES;
				CLANG_WARN_STRICT_PROTOTYPES = YES;
				CLANG_WARN_SUSPICIOUS_MOVE = YES;
				CLANG_WARN_UNGUARDED_AVAILABILITY = YES_AGGRESSIVE;
				CLANG_WARN_UNREACHABLE_CODE = YES;
				CLANG_WARN__DUPLICATE_METHOD_MATCH = YES;
				COPY_PHASE_STRIP = NO;
				DEBUG_INFORMATION_FORMAT = dwarf;
				ENABLE_STRICT_OBJC_MSGSEND = YES;
				ENABLE_TESTABILITY = YES;
				GCC_C_LANGUAGE_STANDARD = gnu11;
				GCC_DYNAMIC_NO_PIC = NO;
				GCC_NO_COMMON_BLOCKS = YES;
				GCC_OPTIMIZATION_LEVEL = 0;
				GCC_PREPROCESSOR_DEFINITIONS = (
					"DEBUG=1",
					"$(inherited)",
				);
				GCC_WARN_64_TO_32_BIT_CONVERSION = YES;
				GCC_WARN_ABOUT_RETURN_TYPE = YES_ERROR;
				GCC_WARN_UNDECLARED_SELECTOR = YES;
				GCC_WARN_UNINITIALIZED_AUTOS = YES_AGGRESSIVE;
				GCC_WARN_UNUSED_FUNCTION = YES;
				GCC_WARN_UNUSED_VARIABLE = YES;
				INFOPLIST_FILE = GitHubFollowers/Info.plist;
				IPHONEOS_DEPLOYMENT_TARGET = 13.4;
				MTL_ENABLE_DEBUG_INFO = INCLUDE_SOURCE;
				MTL_FAST_MATH = YES;
				ONLY_ACTIVE_ARCH = YES;
				SDKROOT = iphoneos;
				SWIFT_ACTIVE_COMPILATION_CONDITIONS = DEBUG;
				SWIFT_OPTIMIZATION_LEVEL = "-Onone";
			};
			name = Debug;
		};
		902642F324AB926C008CDDE4 /* Release */ = {
			isa = XCBuildConfiguration;
			buildSettings = {
				ALWAYS_SEARCH_USER_PATHS = NO;
				CLANG_ANALYZER_NONNULL = YES;
				CLANG_ANALYZER_NUMBER_OBJECT_CONVERSION = YES_AGGRESSIVE;
				CLANG_CXX_LANGUAGE_STANDARD = "gnu++14";
				CLANG_CXX_LIBRARY = "libc++";
				CLANG_ENABLE_MODULES = YES;
				CLANG_ENABLE_OBJC_ARC = YES;
				CLANG_ENABLE_OBJC_WEAK = YES;
				CLANG_WARN_BLOCK_CAPTURE_AUTORELEASING = YES;
				CLANG_WARN_BOOL_CONVERSION = YES;
				CLANG_WARN_COMMA = YES;
				CLANG_WARN_CONSTANT_CONVERSION = YES;
				CLANG_WARN_DEPRECATED_OBJC_IMPLEMENTATIONS = YES;
				CLANG_WARN_DIRECT_OBJC_ISA_USAGE = YES_ERROR;
				CLANG_WARN_DOCUMENTATION_COMMENTS = YES;
				CLANG_WARN_EMPTY_BODY = YES;
				CLANG_WARN_ENUM_CONVERSION = YES;
				CLANG_WARN_INFINITE_RECURSION = YES;
				CLANG_WARN_INT_CONVERSION = YES;
				CLANG_WARN_NON_LITERAL_NULL_CONVERSION = YES;
				CLANG_WARN_OBJC_IMPLICIT_RETAIN_SELF = YES;
				CLANG_WARN_OBJC_LITERAL_CONVERSION = YES;
				CLANG_WARN_OBJC_ROOT_CLASS = YES_ERROR;
				CLANG_WARN_RANGE_LOOP_ANALYSIS = YES;
				CLANG_WARN_STRICT_PROTOTYPES = YES;
				CLANG_WARN_SUSPICIOUS_MOVE = YES;
				CLANG_WARN_UNGUARDED_AVAILABILITY = YES_AGGRESSIVE;
				CLANG_WARN_UNREACHABLE_CODE = YES;
				CLANG_WARN__DUPLICATE_METHOD_MATCH = YES;
				COPY_PHASE_STRIP = NO;
				DEBUG_INFORMATION_FORMAT = "dwarf-with-dsym";
				ENABLE_NS_ASSERTIONS = NO;
				ENABLE_STRICT_OBJC_MSGSEND = YES;
				GCC_C_LANGUAGE_STANDARD = gnu11;
				GCC_NO_COMMON_BLOCKS = YES;
				GCC_WARN_64_TO_32_BIT_CONVERSION = YES;
				GCC_WARN_ABOUT_RETURN_TYPE = YES_ERROR;
				GCC_WARN_UNDECLARED_SELECTOR = YES;
				GCC_WARN_UNINITIALIZED_AUTOS = YES_AGGRESSIVE;
				GCC_WARN_UNUSED_FUNCTION = YES;
				GCC_WARN_UNUSED_VARIABLE = YES;
				INFOPLIST_FILE = GitHubFollowers/Info.plist;
				IPHONEOS_DEPLOYMENT_TARGET = 13.4;
				MTL_ENABLE_DEBUG_INFO = NO;
				MTL_FAST_MATH = YES;
				SDKROOT = iphoneos;
				SWIFT_COMPILATION_MODE = wholemodule;
				SWIFT_OPTIMIZATION_LEVEL = "-O";
				VALIDATE_PRODUCT = YES;
			};
			name = Release;
		};
		902642F524AB926C008CDDE4 /* Debug */ = {
			isa = XCBuildConfiguration;
			buildSettings = {
				ASSETCATALOG_COMPILER_APPICON_NAME = AppIcon;
				CODE_SIGN_STYLE = Automatic;
				DEVELOPMENT_TEAM = V2C5LJ74Z2;
				INFOPLIST_FILE = GitHubFollowers/Info.plist;
				LD_RUNPATH_SEARCH_PATHS = (
					"$(inherited)",
					"@executable_path/Frameworks",
				);
				PRODUCT_BUNDLE_IDENTIFIER = com.juhoalin.GitHubFollowersJA;
				PRODUCT_NAME = "$(TARGET_NAME)";
				SWIFT_VERSION = 5.0;
				TARGETED_DEVICE_FAMILY = 1;
			};
			name = Debug;
		};
		902642F624AB926C008CDDE4 /* Release */ = {
			isa = XCBuildConfiguration;
			buildSettings = {
				ASSETCATALOG_COMPILER_APPICON_NAME = AppIcon;
				CODE_SIGN_STYLE = Automatic;
				DEVELOPMENT_TEAM = V2C5LJ74Z2;
				INFOPLIST_FILE = GitHubFollowers/Info.plist;
				LD_RUNPATH_SEARCH_PATHS = (
					"$(inherited)",
					"@executable_path/Frameworks",
				);
				PRODUCT_BUNDLE_IDENTIFIER = com.juhoalin.GitHubFollowersJA;
				PRODUCT_NAME = "$(TARGET_NAME)";
				SWIFT_VERSION = 5.0;
				TARGETED_DEVICE_FAMILY = 1;
			};
			name = Release;
		};
/* End XCBuildConfiguration section */

/* Begin XCConfigurationList section */
		902642DB24AB9266008CDDE4 /* Build configuration list for PBXProject "GitHubFollowers" */ = {
			isa = XCConfigurationList;
			buildConfigurations = (
				902642F224AB926C008CDDE4 /* Debug */,
				902642F324AB926C008CDDE4 /* Release */,
			);
			defaultConfigurationIsVisible = 0;
			defaultConfigurationName = Release;
		};
		902642F424AB926C008CDDE4 /* Build configuration list for PBXNativeTarget "GitHubFollowers" */ = {
			isa = XCConfigurationList;
			buildConfigurations = (
				902642F524AB926C008CDDE4 /* Debug */,
				902642F624AB926C008CDDE4 /* Release */,
			);
			defaultConfigurationIsVisible = 0;
			defaultConfigurationName = Release;
		};
/* End XCConfigurationList section */
	};
	rootObject = 902642D824AB9266008CDDE4 /* Project object */;
}
